
Microsoft Visual Studio Solution File, Format Version 12.00
# Visual Studio 14
VisualStudioVersion = 14.0.25420.1
MinimumVisualStudioVersion = 10.0.40219.1
Project("{FAE04EC0-301F-11D3-BF4B-00C04F79EFBC}") = "CSharpCodeGenerator", "CSharpCodeGenerator\CSharpCodeGenerator.csproj", "{9EADBD47-BCB8-441D-866D-181F72FE8390}"
EndProject
Project("{FAE04EC0-301F-11D3-BF4B-00C04F79EFBC}") = "testProj", "testProj\testProj.csproj", "{1FCE9315-8C86-4A6B-AE8C-2E69D9FD4FDD}"
EndProject
Global
	GlobalSection(SolutionConfigurationPlatforms) = preSolution
		Debug|Any CPU = Debug|Any CPU
		Release|Any CPU = Release|Any CPU
	EndGlobalSection
	GlobalSection(ProjectConfigurationPlatforms) = postSolution
		{9EADBD47-BCB8-441D-866D-181F72FE8390}.Debug|Any CPU.ActiveCfg = Debug|Any CPU
		{9EADBD47-BCB8-441D-866D-181F72FE8390}.Debug|Any CPU.Build.0 = Debug|Any CPU
		{9EADBD47-BCB8-441D-866D-181F72FE8390}.Release|Any CPU.ActiveCfg = Release|Any CPU
		{9EADBD47-BCB8-441D-866D-181F72FE8390}.Release|Any CPU.Build.0 = Release|Any CPU
		{1FCE9315-8C86-4A6B-AE8C-2E69D9FD4FDD}.Debug|Any CPU.ActiveCfg = Debug|Any CPU
		{1FCE9315-8C86-4A6B-AE8C-2E69D9FD4FDD}.Debug|Any CPU.Build.0 = Debug|Any CPU
		{1FCE9315-8C86-4A6B-AE8C-2E69D9FD4FDD}.Release|Any CPU.ActiveCfg = Release|Any CPU
		{1FCE9315-8C86-4A6B-AE8C-2E69D9FD4FDD}.Release|Any CPU.Build.0 = Release|Any CPU
	EndGlobalSection
	GlobalSection(SolutionProperties) = preSolution
		HideSolutionNode = FALSE
	EndGlobalSection
EndGlobal
